
Microsoft Visual Studio Solution File, Format Version 12.00
# Visual Studio Version 16
VisualStudioVersion = 16.0.30621.155
MinimumVisualStudioVersion = 10.0.40219.1
Project("{9A19103F-16F7-4668-BE54-9A1E7A4F7556}") = "ConsoleSnakeGame", "ConsoleSnakeGame\ConsoleSnakeGame.csproj", "{83683B97-A768-4013-B143-895F2641604D}"
EndProject
Global
	GlobalSection(SolutionConfigurationPlatforms) = preSolution
		Debug|Any CPU = Debug|Any CPU
		Release|Any CPU = Release|Any CPU
	EndGlobalSection
	GlobalSection(ProjectConfigurationPlatforms) = postSolution
		{83683B97-A768-4013-B143-895F2641604D}.Debug|Any CPU.ActiveCfg = Debug|Any CPU
		{83683B97-A768-4013-B143-895F2641604D}.Debug|Any CPU.Build.0 = Debug|Any CPU
		{83683B97-A768-4013-B143-895F2641604D}.Release|Any CPU.ActiveCfg = Release|Any CPU
		{83683B97-A768-4013-B143-895F2641604D}.Release|Any CPU.Build.0 = Release|Any CPU
	EndGlobalSection
	GlobalSection(SolutionProperties) = preSolution
		HideSolutionNode = FALSE
	EndGlobalSection
	GlobalSection(ExtensibilityGlobals) = postSolution
		SolutionGuid = {A89A3D22-AB32-4955-AB94-F8663B5909BA}
	EndGlobalSection
EndGlobal
